
Microsoft Visual Studio Solution File, Format Version 12.00
# Visual Studio Version 17
VisualStudioVersion = 17.11.35327.3
MinimumVisualStudioVersion = 10.0.40219.1
Project("{2150E333-8FDC-42A3-9474-1A3956D46DE8}") = "src", "src", "{7F7AD79A-E10D-4685-B53A-AFB8B4F2A58D}"
EndProject
Project("{9A19103F-16F7-4668-BE54-9A1E7A4F7556}") = "ClientConsole", "..\ChatTranslatorDemo\src\ChatTranslator.ClientConsole\ClientConsole.csproj", "{2A597FF3-13CC-4962-BBCD-E38EFECC6CC3}"
EndProject
Project("{9A19103F-16F7-4668-BE54-9A1E7A4F7556}") = "McpServer", "..\ChatTranslatorDemo\src\ChatTranslator.McpServer\McpServer.csproj", "{7329890B-33D5-4121-87F2-9B12532F4515}"
EndProject
Global
	GlobalSection(SolutionConfigurationPlatforms) = preSolution
		Debug|Any CPU = Debug|Any CPU
		Debug|x64 = Debug|x64
		Debug|x86 = Debug|x86
		Release|Any CPU = Release|Any CPU
		Release|x64 = Release|x64
		Release|x86 = Release|x86
	EndGlobalSection
	GlobalSection(ProjectConfigurationPlatforms) = postSolution
		{2A597FF3-13CC-4962-BBCD-E38EFECC6CC3}.Debug|Any CPU.ActiveCfg = Debug|Any CPU
		{2A597FF3-13CC-4962-BBCD-E38EFECC6CC3}.Debug|Any CPU.Build.0 = Debug|Any CPU
		{2A597FF3-13CC-4962-BBCD-E38EFECC6CC3}.Debug|x64.ActiveCfg = Debug|Any CPU
		{2A597FF3-13CC-4962-BBCD-E38EFECC6CC3}.Debug|x64.Build.0 = Debug|Any CPU
		{2A597FF3-13CC-4962-BBCD-E38EFECC6CC3}.Debug|x86.ActiveCfg = Debug|Any CPU
		{2A597FF3-13CC-4962-BBCD-E38EFECC6CC3}.Debug|x86.Build.0 = Debug|Any CPU
		{2A597FF3-13CC-4962-BBCD-E38EFECC6CC3}.Release|Any CPU.ActiveCfg = Release|Any CPU
		{2A597FF3-13CC-4962-BBCD-E38EFECC6CC3}.Release|Any CPU.Build.0 = Release|Any CPU
		{2A597FF3-13CC-4962-BBCD-E38EFECC6CC3}.Release|x64.ActiveCfg = Release|Any CPU
		{2A597FF3-13CC-4962-BBCD-E38EFECC6CC3}.Release|x64.Build.0 = Release|Any CPU
		{2A597FF3-13CC-4962-BBCD-E38EFECC6CC3}.Release|x86.ActiveCfg = Release|Any CPU
		{2A597FF3-13CC-4962-BBCD-E38EFECC6CC3}.Release|x86.Build.0 = Release|Any CPU
		{7329890B-33D5-4121-87F2-9B12532F4515}.Debug|Any CPU.ActiveCfg = Debug|Any CPU
		{7329890B-33D5-4121-87F2-9B12532F4515}.Debug|Any CPU.Build.0 = Debug|Any CPU
		{7329890B-33D5-4121-87F2-9B12532F4515}.Debug|x64.ActiveCfg = Debug|Any CPU
		{7329890B-33D5-4121-87F2-9B12532F4515}.Debug|x64.Build.0 = Debug|Any CPU
		{7329890B-33D5-4121-87F2-9B12532F4515}.Debug|x86.ActiveCfg = Debug|Any CPU
		{7329890B-33D5-4121-87F2-9B12532F4515}.Debug|x86.Build.0 = Debug|Any CPU
		{7329890B-33D5-4121-87F2-9B12532F4515}.Release|Any CPU.ActiveCfg = Release|Any CPU
		{7329890B-33D5-4121-87F2-9B12532F4515}.Release|Any CPU.Build.0 = Release|Any CPU
		{7329890B-33D5-4121-87F2-9B12532F4515}.Release|x64.ActiveCfg = Release|Any CPU
		{7329890B-33D5-4121-87F2-9B12532F4515}.Release|x64.Build.0 = Release|Any CPU
		{7329890B-33D5-4121-87F2-9B12532F4515}.Release|x86.ActiveCfg = Release|Any CPU
		{7329890B-33D5-4121-87F2-9B12532F4515}.Release|x86.Build.0 = Release|Any CPU
	EndGlobalSection
	GlobalSection(SolutionProperties) = preSolution
		HideSolutionNode = FALSE
	EndGlobalSection
	GlobalSection(NestedProjects) = preSolution
		{2A597FF3-13CC-4962-BBCD-E38EFECC6CC3} = {7F7AD79A-E10D-4685-B53A-AFB8B4F2A58D}
		{7329890B-33D5-4121-87F2-9B12532F4515} = {7F7AD79A-E10D-4685-B53A-AFB8B4F2A58D}
	EndGlobalSection
	GlobalSection(ExtensibilityGlobals) = postSolution
		SolutionGuid = {A1378BAB-A4B5-4624-8B90-00C77BB18572}
	EndGlobalSection
EndGlobal
